
Microsoft Visual Studio Solution File, Format Version 12.00
# Visual Studio 15
VisualStudioVersion = 15.0.27130.2036
MinimumVisualStudioVersion = 10.0.40219.1
Project("{FAE04EC0-301F-11D3-BF4B-00C04F79EFBC}") = "IpAddressValidator", "IpAddressValidator\IpAddressValidator.csproj", "{B21F3385-24B3-4184-8025-AF7CB7EFCB3E}"
EndProject
Project("{FAE04EC0-301F-11D3-BF4B-00C04F79EFBC}") = "TestIpAddressValidator", "TestIpAddressValidator\TestIpAddressValidator.csproj", "{006585CB-8DA1-46B7-B304-57DC0BB7B8E4}"
EndProject
Global
	GlobalSection(SolutionConfigurationPlatforms) = preSolution
		Debug|Any CPU = Debug|Any CPU
		Release|Any CPU = Release|Any CPU
	EndGlobalSection
	GlobalSection(ProjectConfigurationPlatforms) = postSolution
		{B21F3385-24B3-4184-8025-AF7CB7EFCB3E}.Debug|Any CPU.ActiveCfg = Debug|Any CPU
		{B21F3385-24B3-4184-8025-AF7CB7EFCB3E}.Debug|Any CPU.Build.0 = Debug|Any CPU
		{B21F3385-24B3-4184-8025-AF7CB7EFCB3E}.Release|Any CPU.ActiveCfg = Release|Any CPU
		{B21F3385-24B3-4184-8025-AF7CB7EFCB3E}.Release|Any CPU.Build.0 = Release|Any CPU
		{006585CB-8DA1-46B7-B304-57DC0BB7B8E4}.Debug|Any CPU.ActiveCfg = Debug|Any CPU
		{006585CB-8DA1-46B7-B304-57DC0BB7B8E4}.Debug|Any CPU.Build.0 = Debug|Any CPU
		{006585CB-8DA1-46B7-B304-57DC0BB7B8E4}.Release|Any CPU.ActiveCfg = Release|Any CPU
		{006585CB-8DA1-46B7-B304-57DC0BB7B8E4}.Release|Any CPU.Build.0 = Release|Any CPU
	EndGlobalSection
	GlobalSection(SolutionProperties) = preSolution
		HideSolutionNode = FALSE
	EndGlobalSection
	GlobalSection(ExtensibilityGlobals) = postSolution
		SolutionGuid = {01965DEF-7B9B-4DE2-B166-811FA8356444}
	EndGlobalSection
EndGlobal
